
Microsoft Visual Studio Solution File, Format Version 12.00
# Visual Studio 15
VisualStudioVersion = 15.0.27703.2042
MinimumVisualStudioVersion = 10.0.40219.1
Project("{FAE04EC0-301F-11D3-BF4B-00C04F79EFBC}") = "20181022server", "20181022server\20181022server.csproj", "{8E61263B-B5EF-4513-B69C-8508E627E915}"
EndProject
Project("{FAE04EC0-301F-11D3-BF4B-00C04F79EFBC}") = "p221", "p221\p221.csproj", "{143B062F-E4F8-4376-B8F9-0846F70E77BB}"
EndProject
Project("{FAE04EC0-301F-11D3-BF4B-00C04F79EFBC}") = "p224server", "p224server\p224server.csproj", "{283EC7E2-3FD2-44FC-BAD5-D844FEAE14EA}"
EndProject
Project("{FAE04EC0-301F-11D3-BF4B-00C04F79EFBC}") = "p225server", "p225server\p225server.csproj", "{2FDBFD23-9CF3-457A-B783-3A51F0FCBAEC}"
EndProject
Project("{FAE04EC0-301F-11D3-BF4B-00C04F79EFBC}") = "p228server", "p228server\p228server.csproj", "{AC28FC95-07FA-4E11-8397-4443360DE411}"
EndProject
Global
	GlobalSection(SolutionConfigurationPlatforms) = preSolution
		Debug|Any CPU = Debug|Any CPU
		Release|Any CPU = Release|Any CPU
	EndGlobalSection
	GlobalSection(ProjectConfigurationPlatforms) = postSolution
		{8E61263B-B5EF-4513-B69C-8508E627E915}.Debug|Any CPU.ActiveCfg = Debug|Any CPU
		{8E61263B-B5EF-4513-B69C-8508E627E915}.Debug|Any CPU.Build.0 = Debug|Any CPU
		{8E61263B-B5EF-4513-B69C-8508E627E915}.Release|Any CPU.ActiveCfg = Release|Any CPU
		{8E61263B-B5EF-4513-B69C-8508E627E915}.Release|Any CPU.Build.0 = Release|Any CPU
		{143B062F-E4F8-4376-B8F9-0846F70E77BB}.Debug|Any CPU.ActiveCfg = Debug|Any CPU
		{143B062F-E4F8-4376-B8F9-0846F70E77BB}.Debug|Any CPU.Build.0 = Debug|Any CPU
		{143B062F-E4F8-4376-B8F9-0846F70E77BB}.Release|Any CPU.ActiveCfg = Release|Any CPU
		{143B062F-E4F8-4376-B8F9-0846F70E77BB}.Release|Any CPU.Build.0 = Release|Any CPU
		{283EC7E2-3FD2-44FC-BAD5-D844FEAE14EA}.Debug|Any CPU.ActiveCfg = Debug|Any CPU
		{283EC7E2-3FD2-44FC-BAD5-D844FEAE14EA}.Debug|Any CPU.Build.0 = Debug|Any CPU
		{283EC7E2-3FD2-44FC-BAD5-D844FEAE14EA}.Release|Any CPU.ActiveCfg = Release|Any CPU
		{283EC7E2-3FD2-44FC-BAD5-D844FEAE14EA}.Release|Any CPU.Build.0 = Release|Any CPU
		{2FDBFD23-9CF3-457A-B783-3A51F0FCBAEC}.Debug|Any CPU.ActiveCfg = Debug|Any CPU
		{2FDBFD23-9CF3-457A-B783-3A51F0FCBAEC}.Debug|Any CPU.Build.0 = Debug|Any CPU
		{2FDBFD23-9CF3-457A-B783-3A51F0FCBAEC}.Release|Any CPU.ActiveCfg = Release|Any CPU
		{2FDBFD23-9CF3-457A-B783-3A51F0FCBAEC}.Release|Any CPU.Build.0 = Release|Any CPU
		{AC28FC95-07FA-4E11-8397-4443360DE411}.Debug|Any CPU.ActiveCfg = Debug|Any CPU
		{AC28FC95-07FA-4E11-8397-4443360DE411}.Debug|Any CPU.Build.0 = Debug|Any CPU
		{AC28FC95-07FA-4E11-8397-4443360DE411}.Release|Any CPU.ActiveCfg = Release|Any CPU
		{AC28FC95-07FA-4E11-8397-4443360DE411}.Release|Any CPU.Build.0 = Release|Any CPU
	EndGlobalSection
	GlobalSection(SolutionProperties) = preSolution
		HideSolutionNode = FALSE
	EndGlobalSection
	GlobalSection(ExtensibilityGlobals) = postSolution
		SolutionGuid = {24D60663-79A5-47D5-AB3A-D335218A7ED2}
	EndGlobalSection
EndGlobal
