
Microsoft Visual Studio Solution File, Format Version 12.00
# Visual Studio 15
VisualStudioVersion = 15.0.27703.2042
MinimumVisualStudioVersion = 10.0.40219.1
Project("{FAE04EC0-301F-11D3-BF4B-00C04F79EFBC}") = "ShapeUser", "ShapesUser\ShapeUser.csproj", "{86E08AAA-6101-4F27-B1A1-589EF5FB416A}"
EndProject
Global
	GlobalSection(SolutionConfigurationPlatforms) = preSolution
		Debug|Any CPU = Debug|Any CPU
		Release|Any CPU = Release|Any CPU
	EndGlobalSection
	GlobalSection(ProjectConfigurationPlatforms) = postSolution
		{86E08AAA-6101-4F27-B1A1-589EF5FB416A}.Debug|Any CPU.ActiveCfg = Debug|Any CPU
		{86E08AAA-6101-4F27-B1A1-589EF5FB416A}.Debug|Any CPU.Build.0 = Debug|Any CPU
		{86E08AAA-6101-4F27-B1A1-589EF5FB416A}.Release|Any CPU.ActiveCfg = Release|Any CPU
		{86E08AAA-6101-4F27-B1A1-589EF5FB416A}.Release|Any CPU.Build.0 = Release|Any CPU
	EndGlobalSection
	GlobalSection(SolutionProperties) = preSolution
		HideSolutionNode = FALSE
	EndGlobalSection
	GlobalSection(ExtensibilityGlobals) = postSolution
		SolutionGuid = {55F1E99F-E8F4-428C-A379-5A8553B31E4C}
	EndGlobalSection
EndGlobal
