
Microsoft Visual Studio Solution File, Format Version 12.00
# Visual Studio 15
VisualStudioVersion = 15.0.27703.2042
MinimumVisualStudioVersion = 10.0.40219.1
Project("{FAE04EC0-301F-11D3-BF4B-00C04F79EFBC}") = "HelloWorld", "HelloWorld\HelloWorld.csproj", "{654F6089-FBBE-4B66-8BD9-7D25024C893A}"
EndProject
Project("{FAE04EC0-301F-11D3-BF4B-00C04F79EFBC}") = "ConsoleApp1", "ConsoleApp1\ConsoleApp1.csproj", "{2B2CDF14-D450-496C-814D-AFAA55750508}"
EndProject
Project("{FAE04EC0-301F-11D3-BF4B-00C04F79EFBC}") = "ConsoleApp2", "ConsoleApp2\ConsoleApp2.csproj", "{86703C23-10A0-4553-85EE-522E067BB6BC}"
EndProject
Project("{FAE04EC0-301F-11D3-BF4B-00C04F79EFBC}") = "ConsoleApp3", "ConsoleApp3\ConsoleApp3.csproj", "{CAC683FC-0897-4538-81A3-3F3E94621462}"
EndProject
Project("{FAE04EC0-301F-11D3-BF4B-00C04F79EFBC}") = "ConsoleApp4", "ConsoleApp4\ConsoleApp4.csproj", "{434586A9-7AD8-4301-8099-0DAD7215D0CC}"
EndProject
Project("{FAE04EC0-301F-11D3-BF4B-00C04F79EFBC}") = "ConsoleApp5", "ConsoleApp5\ConsoleApp5.csproj", "{659B7C67-ADAE-4375-BEEB-ED32B0720896}"
EndProject
Project("{FAE04EC0-301F-11D3-BF4B-00C04F79EFBC}") = "ConsoleApp6", "ConsoleApp6\ConsoleApp6.csproj", "{AE21F815-9987-4302-87D0-930069CE4BF3}"
EndProject
Project("{FAE04EC0-301F-11D3-BF4B-00C04F79EFBC}") = "ConsoleApp7", "ConsoleApp7\ConsoleApp7.csproj", "{E3A993A9-DC32-477F-9227-BB5262C235E3}"
EndProject
Project("{FAE04EC0-301F-11D3-BF4B-00C04F79EFBC}") = "ConsoleApp8", "ConsoleApp8\ConsoleApp8.csproj", "{4E0F7A96-0692-45BC-9384-CFC8A45E3C85}"
EndProject
Project("{FAE04EC0-301F-11D3-BF4B-00C04F79EFBC}") = "ConsoleApp9", "ConsoleApp9\ConsoleApp9.csproj", "{F85CD07F-EE8D-4A4E-8FA2-397B436BFCEB}"
EndProject
Project("{FAE04EC0-301F-11D3-BF4B-00C04F79EFBC}") = "p29", "p29\p29.csproj", "{00721367-B822-4CB7-9A35-3825365A42CF}"
EndProject
Project("{FAE04EC0-301F-11D3-BF4B-00C04F79EFBC}") = "p30", "p30\p30.csproj", "{70631198-FB09-4CE8-B1EB-952DD801D0A9}"
EndProject
Project("{FAE04EC0-301F-11D3-BF4B-00C04F79EFBC}") = "p33foreach", "p33foreach\p33foreach.csproj", "{A147B5A3-3474-4B7F-AE53-98D9F7877257}"
EndProject
Project("{FAE04EC0-301F-11D3-BF4B-00C04F79EFBC}") = "exam101501", "exam101501\exam101501.csproj", "{D4E60A20-862B-4F81-957C-6AD4148D51E1}"
EndProject
Project("{FAE04EC0-301F-11D3-BF4B-00C04F79EFBC}") = "exam101502", "exam101502\exam101502.csproj", "{E40B6AA1-53B0-4956-8B13-1F7478667EEA}"
EndProject
Project("{FAE04EC0-301F-11D3-BF4B-00C04F79EFBC}") = "exam101503", "exam101503\exam101503.csproj", "{F5446066-7C81-4C38-8A92-DE8149F7494A}"
EndProject
Project("{FAE04EC0-301F-11D3-BF4B-00C04F79EFBC}") = "exam101504", "exam101504\exam101504.csproj", "{C637923F-1155-469B-AA54-DE11D55B72B2}"
EndProject
Project("{FAE04EC0-301F-11D3-BF4B-00C04F79EFBC}") = "p35", "p35\p35.csproj", "{D6A24502-0D2A-424A-82D8-7510D5953223}"
EndProject
Project("{FAE04EC0-301F-11D3-BF4B-00C04F79EFBC}") = "p39", "p39\p39.csproj", "{92BD03C3-BE3C-4300-9E15-657E6A4594D0}"
EndProject
Project("{FAE04EC0-301F-11D3-BF4B-00C04F79EFBC}") = "p41", "p41\p41.csproj", "{3DFDC874-EE0F-4D34-8E3C-03CCDEE6FFE0}"
EndProject
Project("{FAE04EC0-301F-11D3-BF4B-00C04F79EFBC}") = "p42", "p42\p42.csproj", "{F6A603D6-0AC6-4DE0-A988-17ACF8E801AF}"
EndProject
Project("{FAE04EC0-301F-11D3-BF4B-00C04F79EFBC}") = "p44", "p44\p44.csproj", "{21E00539-CBCB-4936-A834-F9C0C2FBBC9D}"
EndProject
Project("{FAE04EC0-301F-11D3-BF4B-00C04F79EFBC}") = "Shapes", "..\Shapes\Shapes.csproj", "{23D363CC-6DCD-47B1-A12B-4875B5F92409}"
EndProject
Project("{FAE04EC0-301F-11D3-BF4B-00C04F79EFBC}") = "p59", "p59\p59.csproj", "{EFDCB92D-354B-4750-B8D4-D85EAE21F6ED}"
EndProject
Project("{FAE04EC0-301F-11D3-BF4B-00C04F79EFBC}") = "p60", "p60\p60.csproj", "{A3D5AC56-B528-43B4-B140-910361E8AF77}"
EndProject
Project("{FAE04EC0-301F-11D3-BF4B-00C04F79EFBC}") = "p62", "p62\p62.csproj", "{938C139B-8CC8-4EEB-A063-0B959D23B970}"
EndProject
Project("{FAE04EC0-301F-11D3-BF4B-00C04F79EFBC}") = "p64", "p64\p64.csproj", "{1EEFA99B-3514-496C-947E-E84C1DA83D97}"
EndProject
Project("{FAE04EC0-301F-11D3-BF4B-00C04F79EFBC}") = "p66", "p66\p66.csproj", "{9A70D750-CBC0-4E38-A201-DDF2896F2E23}"
EndProject
Project("{FAE04EC0-301F-11D3-BF4B-00C04F79EFBC}") = "p68", "p68\p68.csproj", "{594C0CD1-9B39-49D4-B565-A7E793F26DEC}"
EndProject
Project("{FAE04EC0-301F-11D3-BF4B-00C04F79EFBC}") = "p70", "p70\p70.csproj", "{146DA015-F20A-45F8-8847-5E4058767EB1}"
EndProject
Project("{FAE04EC0-301F-11D3-BF4B-00C04F79EFBC}") = "exam101601", "exam101601\exam101601.csproj", "{5D91C072-4C36-4F97-82BB-A169F56D00FC}"
EndProject
Project("{FAE04EC0-301F-11D3-BF4B-00C04F79EFBC}") = "exam101603", "exam101603\exam101603.csproj", "{89541E09-AE8A-4919-9E99-EB128B375AD3}"
EndProject
Project("{FAE04EC0-301F-11D3-BF4B-00C04F79EFBC}") = "exam101602", "exam101602\exam101602.csproj", "{75696505-2794-461D-910F-0A2043D4D5A9}"
EndProject
Project("{FAE04EC0-301F-11D3-BF4B-00C04F79EFBC}") = "exam101604", "exam101604\exam101604.csproj", "{FC2AF18F-FF34-4B94-BEF0-EF4319BE96F9}"
EndProject
Project("{FAE04EC0-301F-11D3-BF4B-00C04F79EFBC}") = "exam101605", "exam101605\exam101605.csproj", "{D938FE45-7F00-4ADB-8310-49B9C07B386A}"
EndProject
Global
	GlobalSection(SolutionConfigurationPlatforms) = preSolution
		Debug|Any CPU = Debug|Any CPU
		Release|Any CPU = Release|Any CPU
	EndGlobalSection
	GlobalSection(ProjectConfigurationPlatforms) = postSolution
		{654F6089-FBBE-4B66-8BD9-7D25024C893A}.Debug|Any CPU.ActiveCfg = Debug|Any CPU
		{654F6089-FBBE-4B66-8BD9-7D25024C893A}.Debug|Any CPU.Build.0 = Debug|Any CPU
		{654F6089-FBBE-4B66-8BD9-7D25024C893A}.Release|Any CPU.ActiveCfg = Release|Any CPU
		{654F6089-FBBE-4B66-8BD9-7D25024C893A}.Release|Any CPU.Build.0 = Release|Any CPU
		{2B2CDF14-D450-496C-814D-AFAA55750508}.Debug|Any CPU.ActiveCfg = Debug|Any CPU
		{2B2CDF14-D450-496C-814D-AFAA55750508}.Debug|Any CPU.Build.0 = Debug|Any CPU
		{2B2CDF14-D450-496C-814D-AFAA55750508}.Release|Any CPU.ActiveCfg = Release|Any CPU
		{2B2CDF14-D450-496C-814D-AFAA55750508}.Release|Any CPU.Build.0 = Release|Any CPU
		{86703C23-10A0-4553-85EE-522E067BB6BC}.Debug|Any CPU.ActiveCfg = Debug|Any CPU
		{86703C23-10A0-4553-85EE-522E067BB6BC}.Debug|Any CPU.Build.0 = Debug|Any CPU
		{86703C23-10A0-4553-85EE-522E067BB6BC}.Release|Any CPU.ActiveCfg = Release|Any CPU
		{86703C23-10A0-4553-85EE-522E067BB6BC}.Release|Any CPU.Build.0 = Release|Any CPU
		{CAC683FC-0897-4538-81A3-3F3E94621462}.Debug|Any CPU.ActiveCfg = Debug|Any CPU
		{CAC683FC-0897-4538-81A3-3F3E94621462}.Debug|Any CPU.Build.0 = Debug|Any CPU
		{CAC683FC-0897-4538-81A3-3F3E94621462}.Release|Any CPU.ActiveCfg = Release|Any CPU
		{CAC683FC-0897-4538-81A3-3F3E94621462}.Release|Any CPU.Build.0 = Release|Any CPU
		{434586A9-7AD8-4301-8099-0DAD7215D0CC}.Debug|Any CPU.ActiveCfg = Debug|Any CPU
		{434586A9-7AD8-4301-8099-0DAD7215D0CC}.Debug|Any CPU.Build.0 = Debug|Any CPU
		{434586A9-7AD8-4301-8099-0DAD7215D0CC}.Release|Any CPU.ActiveCfg = Release|Any CPU
		{434586A9-7AD8-4301-8099-0DAD7215D0CC}.Release|Any CPU.Build.0 = Release|Any CPU
		{659B7C67-ADAE-4375-BEEB-ED32B0720896}.Debug|Any CPU.ActiveCfg = Debug|Any CPU
		{659B7C67-ADAE-4375-BEEB-ED32B0720896}.Debug|Any CPU.Build.0 = Debug|Any CPU
		{659B7C67-ADAE-4375-BEEB-ED32B0720896}.Release|Any CPU.ActiveCfg = Release|Any CPU
		{659B7C67-ADAE-4375-BEEB-ED32B0720896}.Release|Any CPU.Build.0 = Release|Any CPU
		{AE21F815-9987-4302-87D0-930069CE4BF3}.Debug|Any CPU.ActiveCfg = Debug|Any CPU
		{AE21F815-9987-4302-87D0-930069CE4BF3}.Debug|Any CPU.Build.0 = Debug|Any CPU
		{AE21F815-9987-4302-87D0-930069CE4BF3}.Release|Any CPU.ActiveCfg = Release|Any CPU
		{AE21F815-9987-4302-87D0-930069CE4BF3}.Release|Any CPU.Build.0 = Release|Any CPU
		{E3A993A9-DC32-477F-9227-BB5262C235E3}.Debug|Any CPU.ActiveCfg = Debug|Any CPU
		{E3A993A9-DC32-477F-9227-BB5262C235E3}.Debug|Any CPU.Build.0 = Debug|Any CPU
		{E3A993A9-DC32-477F-9227-BB5262C235E3}.Release|Any CPU.ActiveCfg = Release|Any CPU
		{E3A993A9-DC32-477F-9227-BB5262C235E3}.Release|Any CPU.Build.0 = Release|Any CPU
		{4E0F7A96-0692-45BC-9384-CFC8A45E3C85}.Debug|Any CPU.ActiveCfg = Debug|Any CPU
		{4E0F7A96-0692-45BC-9384-CFC8A45E3C85}.Debug|Any CPU.Build.0 = Debug|Any CPU
		{4E0F7A96-0692-45BC-9384-CFC8A45E3C85}.Release|Any CPU.ActiveCfg = Release|Any CPU
		{4E0F7A96-0692-45BC-9384-CFC8A45E3C85}.Release|Any CPU.Build.0 = Release|Any CPU
		{F85CD07F-EE8D-4A4E-8FA2-397B436BFCEB}.Debug|Any CPU.ActiveCfg = Debug|Any CPU
		{F85CD07F-EE8D-4A4E-8FA2-397B436BFCEB}.Debug|Any CPU.Build.0 = Debug|Any CPU
		{F85CD07F-EE8D-4A4E-8FA2-397B436BFCEB}.Release|Any CPU.ActiveCfg = Release|Any CPU
		{F85CD07F-EE8D-4A4E-8FA2-397B436BFCEB}.Release|Any CPU.Build.0 = Release|Any CPU
		{00721367-B822-4CB7-9A35-3825365A42CF}.Debug|Any CPU.ActiveCfg = Debug|Any CPU
		{00721367-B822-4CB7-9A35-3825365A42CF}.Debug|Any CPU.Build.0 = Debug|Any CPU
		{00721367-B822-4CB7-9A35-3825365A42CF}.Release|Any CPU.ActiveCfg = Release|Any CPU
		{00721367-B822-4CB7-9A35-3825365A42CF}.Release|Any CPU.Build.0 = Release|Any CPU
		{70631198-FB09-4CE8-B1EB-952DD801D0A9}.Debug|Any CPU.ActiveCfg = Debug|Any CPU
		{70631198-FB09-4CE8-B1EB-952DD801D0A9}.Debug|Any CPU.Build.0 = Debug|Any CPU
		{70631198-FB09-4CE8-B1EB-952DD801D0A9}.Release|Any CPU.ActiveCfg = Release|Any CPU
		{70631198-FB09-4CE8-B1EB-952DD801D0A9}.Release|Any CPU.Build.0 = Release|Any CPU
		{A147B5A3-3474-4B7F-AE53-98D9F7877257}.Debug|Any CPU.ActiveCfg = Debug|Any CPU
		{A147B5A3-3474-4B7F-AE53-98D9F7877257}.Debug|Any CPU.Build.0 = Debug|Any CPU
		{A147B5A3-3474-4B7F-AE53-98D9F7877257}.Release|Any CPU.ActiveCfg = Release|Any CPU
		{A147B5A3-3474-4B7F-AE53-98D9F7877257}.Release|Any CPU.Build.0 = Release|Any CPU
		{D4E60A20-862B-4F81-957C-6AD4148D51E1}.Debug|Any CPU.ActiveCfg = Debug|Any CPU
		{D4E60A20-862B-4F81-957C-6AD4148D51E1}.Debug|Any CPU.Build.0 = Debug|Any CPU
		{D4E60A20-862B-4F81-957C-6AD4148D51E1}.Release|Any CPU.ActiveCfg = Release|Any CPU
		{D4E60A20-862B-4F81-957C-6AD4148D51E1}.Release|Any CPU.Build.0 = Release|Any CPU
		{E40B6AA1-53B0-4956-8B13-1F7478667EEA}.Debug|Any CPU.ActiveCfg = Debug|Any CPU
		{E40B6AA1-53B0-4956-8B13-1F7478667EEA}.Debug|Any CPU.Build.0 = Debug|Any CPU
		{E40B6AA1-53B0-4956-8B13-1F7478667EEA}.Release|Any CPU.ActiveCfg = Release|Any CPU
		{E40B6AA1-53B0-4956-8B13-1F7478667EEA}.Release|Any CPU.Build.0 = Release|Any CPU
		{F5446066-7C81-4C38-8A92-DE8149F7494A}.Debug|Any CPU.ActiveCfg = Debug|Any CPU
		{F5446066-7C81-4C38-8A92-DE8149F7494A}.Debug|Any CPU.Build.0 = Debug|Any CPU
		{F5446066-7C81-4C38-8A92-DE8149F7494A}.Release|Any CPU.ActiveCfg = Release|Any CPU
		{F5446066-7C81-4C38-8A92-DE8149F7494A}.Release|Any CPU.Build.0 = Release|Any CPU
		{C637923F-1155-469B-AA54-DE11D55B72B2}.Debug|Any CPU.ActiveCfg = Debug|Any CPU
		{C637923F-1155-469B-AA54-DE11D55B72B2}.Debug|Any CPU.Build.0 = Debug|Any CPU
		{C637923F-1155-469B-AA54-DE11D55B72B2}.Release|Any CPU.ActiveCfg = Release|Any CPU
		{C637923F-1155-469B-AA54-DE11D55B72B2}.Release|Any CPU.Build.0 = Release|Any CPU
		{D6A24502-0D2A-424A-82D8-7510D5953223}.Debug|Any CPU.ActiveCfg = Debug|Any CPU
		{D6A24502-0D2A-424A-82D8-7510D5953223}.Debug|Any CPU.Build.0 = Debug|Any CPU
		{D6A24502-0D2A-424A-82D8-7510D5953223}.Release|Any CPU.ActiveCfg = Release|Any CPU
		{D6A24502-0D2A-424A-82D8-7510D5953223}.Release|Any CPU.Build.0 = Release|Any CPU
		{92BD03C3-BE3C-4300-9E15-657E6A4594D0}.Debug|Any CPU.ActiveCfg = Debug|Any CPU
		{92BD03C3-BE3C-4300-9E15-657E6A4594D0}.Debug|Any CPU.Build.0 = Debug|Any CPU
		{92BD03C3-BE3C-4300-9E15-657E6A4594D0}.Release|Any CPU.ActiveCfg = Release|Any CPU
		{92BD03C3-BE3C-4300-9E15-657E6A4594D0}.Release|Any CPU.Build.0 = Release|Any CPU
		{3DFDC874-EE0F-4D34-8E3C-03CCDEE6FFE0}.Debug|Any CPU.ActiveCfg = Debug|Any CPU
		{3DFDC874-EE0F-4D34-8E3C-03CCDEE6FFE0}.Debug|Any CPU.Build.0 = Debug|Any CPU
		{3DFDC874-EE0F-4D34-8E3C-03CCDEE6FFE0}.Release|Any CPU.ActiveCfg = Release|Any CPU
		{3DFDC874-EE0F-4D34-8E3C-03CCDEE6FFE0}.Release|Any CPU.Build.0 = Release|Any CPU
		{F6A603D6-0AC6-4DE0-A988-17ACF8E801AF}.Debug|Any CPU.ActiveCfg = Debug|Any CPU
		{F6A603D6-0AC6-4DE0-A988-17ACF8E801AF}.Debug|Any CPU.Build.0 = Debug|Any CPU
		{F6A603D6-0AC6-4DE0-A988-17ACF8E801AF}.Release|Any CPU.ActiveCfg = Release|Any CPU
		{F6A603D6-0AC6-4DE0-A988-17ACF8E801AF}.Release|Any CPU.Build.0 = Release|Any CPU
		{21E00539-CBCB-4936-A834-F9C0C2FBBC9D}.Debug|Any CPU.ActiveCfg = Debug|Any CPU
		{21E00539-CBCB-4936-A834-F9C0C2FBBC9D}.Debug|Any CPU.Build.0 = Debug|Any CPU
		{21E00539-CBCB-4936-A834-F9C0C2FBBC9D}.Release|Any CPU.ActiveCfg = Release|Any CPU
		{21E00539-CBCB-4936-A834-F9C0C2FBBC9D}.Release|Any CPU.Build.0 = Release|Any CPU
		{23D363CC-6DCD-47B1-A12B-4875B5F92409}.Debug|Any CPU.ActiveCfg = Debug|Any CPU
		{23D363CC-6DCD-47B1-A12B-4875B5F92409}.Debug|Any CPU.Build.0 = Debug|Any CPU
		{23D363CC-6DCD-47B1-A12B-4875B5F92409}.Release|Any CPU.ActiveCfg = Release|Any CPU
		{23D363CC-6DCD-47B1-A12B-4875B5F92409}.Release|Any CPU.Build.0 = Release|Any CPU
		{EFDCB92D-354B-4750-B8D4-D85EAE21F6ED}.Debug|Any CPU.ActiveCfg = Debug|Any CPU
		{EFDCB92D-354B-4750-B8D4-D85EAE21F6ED}.Debug|Any CPU.Build.0 = Debug|Any CPU
		{EFDCB92D-354B-4750-B8D4-D85EAE21F6ED}.Release|Any CPU.ActiveCfg = Release|Any CPU
		{EFDCB92D-354B-4750-B8D4-D85EAE21F6ED}.Release|Any CPU.Build.0 = Release|Any CPU
		{A3D5AC56-B528-43B4-B140-910361E8AF77}.Debug|Any CPU.ActiveCfg = Debug|Any CPU
		{A3D5AC56-B528-43B4-B140-910361E8AF77}.Debug|Any CPU.Build.0 = Debug|Any CPU
		{A3D5AC56-B528-43B4-B140-910361E8AF77}.Release|Any CPU.ActiveCfg = Release|Any CPU
		{A3D5AC56-B528-43B4-B140-910361E8AF77}.Release|Any CPU.Build.0 = Release|Any CPU
		{938C139B-8CC8-4EEB-A063-0B959D23B970}.Debug|Any CPU.ActiveCfg = Debug|Any CPU
		{938C139B-8CC8-4EEB-A063-0B959D23B970}.Debug|Any CPU.Build.0 = Debug|Any CPU
		{938C139B-8CC8-4EEB-A063-0B959D23B970}.Release|Any CPU.ActiveCfg = Release|Any CPU
		{938C139B-8CC8-4EEB-A063-0B959D23B970}.Release|Any CPU.Build.0 = Release|Any CPU
		{1EEFA99B-3514-496C-947E-E84C1DA83D97}.Debug|Any CPU.ActiveCfg = Debug|Any CPU
		{1EEFA99B-3514-496C-947E-E84C1DA83D97}.Debug|Any CPU.Build.0 = Debug|Any CPU
		{1EEFA99B-3514-496C-947E-E84C1DA83D97}.Release|Any CPU.ActiveCfg = Release|Any CPU
		{1EEFA99B-3514-496C-947E-E84C1DA83D97}.Release|Any CPU.Build.0 = Release|Any CPU
		{9A70D750-CBC0-4E38-A201-DDF2896F2E23}.Debug|Any CPU.ActiveCfg = Debug|Any CPU
		{9A70D750-CBC0-4E38-A201-DDF2896F2E23}.Debug|Any CPU.Build.0 = Debug|Any CPU
		{9A70D750-CBC0-4E38-A201-DDF2896F2E23}.Release|Any CPU.ActiveCfg = Release|Any CPU
		{9A70D750-CBC0-4E38-A201-DDF2896F2E23}.Release|Any CPU.Build.0 = Release|Any CPU
		{594C0CD1-9B39-49D4-B565-A7E793F26DEC}.Debug|Any CPU.ActiveCfg = Debug|Any CPU
		{594C0CD1-9B39-49D4-B565-A7E793F26DEC}.Debug|Any CPU.Build.0 = Debug|Any CPU
		{594C0CD1-9B39-49D4-B565-A7E793F26DEC}.Release|Any CPU.ActiveCfg = Release|Any CPU
		{594C0CD1-9B39-49D4-B565-A7E793F26DEC}.Release|Any CPU.Build.0 = Release|Any CPU
		{146DA015-F20A-45F8-8847-5E4058767EB1}.Debug|Any CPU.ActiveCfg = Debug|Any CPU
		{146DA015-F20A-45F8-8847-5E4058767EB1}.Debug|Any CPU.Build.0 = Debug|Any CPU
		{146DA015-F20A-45F8-8847-5E4058767EB1}.Release|Any CPU.ActiveCfg = Release|Any CPU
		{146DA015-F20A-45F8-8847-5E4058767EB1}.Release|Any CPU.Build.0 = Release|Any CPU
		{5D91C072-4C36-4F97-82BB-A169F56D00FC}.Debug|Any CPU.ActiveCfg = Debug|Any CPU
		{5D91C072-4C36-4F97-82BB-A169F56D00FC}.Debug|Any CPU.Build.0 = Debug|Any CPU
		{5D91C072-4C36-4F97-82BB-A169F56D00FC}.Release|Any CPU.ActiveCfg = Release|Any CPU
		{5D91C072-4C36-4F97-82BB-A169F56D00FC}.Release|Any CPU.Build.0 = Release|Any CPU
		{89541E09-AE8A-4919-9E99-EB128B375AD3}.Debug|Any CPU.ActiveCfg = Debug|Any CPU
		{89541E09-AE8A-4919-9E99-EB128B375AD3}.Debug|Any CPU.Build.0 = Debug|Any CPU
		{89541E09-AE8A-4919-9E99-EB128B375AD3}.Release|Any CPU.ActiveCfg = Release|Any CPU
		{89541E09-AE8A-4919-9E99-EB128B375AD3}.Release|Any CPU.Build.0 = Release|Any CPU
		{75696505-2794-461D-910F-0A2043D4D5A9}.Debug|Any CPU.ActiveCfg = Debug|Any CPU
		{75696505-2794-461D-910F-0A2043D4D5A9}.Debug|Any CPU.Build.0 = Debug|Any CPU
		{75696505-2794-461D-910F-0A2043D4D5A9}.Release|Any CPU.ActiveCfg = Release|Any CPU
		{75696505-2794-461D-910F-0A2043D4D5A9}.Release|Any CPU.Build.0 = Release|Any CPU
		{FC2AF18F-FF34-4B94-BEF0-EF4319BE96F9}.Debug|Any CPU.ActiveCfg = Debug|Any CPU
		{FC2AF18F-FF34-4B94-BEF0-EF4319BE96F9}.Debug|Any CPU.Build.0 = Debug|Any CPU
		{FC2AF18F-FF34-4B94-BEF0-EF4319BE96F9}.Release|Any CPU.ActiveCfg = Release|Any CPU
		{FC2AF18F-FF34-4B94-BEF0-EF4319BE96F9}.Release|Any CPU.Build.0 = Release|Any CPU
		{D938FE45-7F00-4ADB-8310-49B9C07B386A}.Debug|Any CPU.ActiveCfg = Debug|Any CPU
		{D938FE45-7F00-4ADB-8310-49B9C07B386A}.Debug|Any CPU.Build.0 = Debug|Any CPU
		{D938FE45-7F00-4ADB-8310-49B9C07B386A}.Release|Any CPU.ActiveCfg = Release|Any CPU
		{D938FE45-7F00-4ADB-8310-49B9C07B386A}.Release|Any CPU.Build.0 = Release|Any CPU
	EndGlobalSection
	GlobalSection(SolutionProperties) = preSolution
		HideSolutionNode = FALSE
	EndGlobalSection
	GlobalSection(ExtensibilityGlobals) = postSolution
		SolutionGuid = {342BECC5-0E47-491B-8AC9-F6F75E39FFDA}
	EndGlobalSection
EndGlobal
