
Microsoft Visual Studio Solution File, Format Version 12.00
# Visual Studio 15
VisualStudioVersion = 15.0.27703.2042
MinimumVisualStudioVersion = 10.0.40219.1
Project("{FAE04EC0-301F-11D3-BF4B-00C04F79EFBC}") = "HelloWorld", "HelloWorld\HelloWorld.csproj", "{654F6089-FBBE-4B66-8BD9-7D25024C893A}"
EndProject
Global
	GlobalSection(SolutionConfigurationPlatforms) = preSolution
		Debug|Any CPU = Debug|Any CPU
		Release|Any CPU = Release|Any CPU
	EndGlobalSection
	GlobalSection(ProjectConfigurationPlatforms) = postSolution
		{654F6089-FBBE-4B66-8BD9-7D25024C893A}.Debug|Any CPU.ActiveCfg = Debug|Any CPU
		{654F6089-FBBE-4B66-8BD9-7D25024C893A}.Debug|Any CPU.Build.0 = Debug|Any CPU
		{654F6089-FBBE-4B66-8BD9-7D25024C893A}.Release|Any CPU.ActiveCfg = Release|Any CPU
		{654F6089-FBBE-4B66-8BD9-7D25024C893A}.Release|Any CPU.Build.0 = Release|Any CPU
	EndGlobalSection
	GlobalSection(SolutionProperties) = preSolution
		HideSolutionNode = FALSE
	EndGlobalSection
	GlobalSection(ExtensibilityGlobals) = postSolution
		SolutionGuid = {342BECC5-0E47-491B-8AC9-F6F75E39FFDA}
	EndGlobalSection
EndGlobal
