
Microsoft Visual Studio Solution File, Format Version 12.00
# Visual Studio 15
VisualStudioVersion = 15.0.27703.2042
MinimumVisualStudioVersion = 10.0.40219.1
Project("{FAE04EC0-301F-11D3-BF4B-00C04F79EFBC}") = "HelloWorld", "HelloWorld\HelloWorld.csproj", "{654F6089-FBBE-4B66-8BD9-7D25024C893A}"
EndProject
Project("{FAE04EC0-301F-11D3-BF4B-00C04F79EFBC}") = "ConsoleApp1", "ConsoleApp1\ConsoleApp1.csproj", "{2B2CDF14-D450-496C-814D-AFAA55750508}"
EndProject
Project("{FAE04EC0-301F-11D3-BF4B-00C04F79EFBC}") = "ConsoleApp2", "ConsoleApp2\ConsoleApp2.csproj", "{86703C23-10A0-4553-85EE-522E067BB6BC}"
EndProject
Project("{FAE04EC0-301F-11D3-BF4B-00C04F79EFBC}") = "ConsoleApp3", "ConsoleApp3\ConsoleApp3.csproj", "{CAC683FC-0897-4538-81A3-3F3E94621462}"
EndProject
Project("{FAE04EC0-301F-11D3-BF4B-00C04F79EFBC}") = "ConsoleApp4", "ConsoleApp4\ConsoleApp4.csproj", "{434586A9-7AD8-4301-8099-0DAD7215D0CC}"
EndProject
Project("{FAE04EC0-301F-11D3-BF4B-00C04F79EFBC}") = "ConsoleApp5", "ConsoleApp5\ConsoleApp5.csproj", "{659B7C67-ADAE-4375-BEEB-ED32B0720896}"
EndProject
Project("{FAE04EC0-301F-11D3-BF4B-00C04F79EFBC}") = "ConsoleApp6", "ConsoleApp6\ConsoleApp6.csproj", "{AE21F815-9987-4302-87D0-930069CE4BF3}"
EndProject
Project("{FAE04EC0-301F-11D3-BF4B-00C04F79EFBC}") = "ConsoleApp7", "ConsoleApp7\ConsoleApp7.csproj", "{E3A993A9-DC32-477F-9227-BB5262C235E3}"
EndProject
Project("{FAE04EC0-301F-11D3-BF4B-00C04F79EFBC}") = "ConsoleApp8", "ConsoleApp8\ConsoleApp8.csproj", "{4E0F7A96-0692-45BC-9384-CFC8A45E3C85}"
EndProject
Project("{FAE04EC0-301F-11D3-BF4B-00C04F79EFBC}") = "ConsoleApp9", "ConsoleApp9\ConsoleApp9.csproj", "{F85CD07F-EE8D-4A4E-8FA2-397B436BFCEB}"
EndProject
Project("{FAE04EC0-301F-11D3-BF4B-00C04F79EFBC}") = "p29", "p29\p29.csproj", "{00721367-B822-4CB7-9A35-3825365A42CF}"
EndProject
Project("{FAE04EC0-301F-11D3-BF4B-00C04F79EFBC}") = "p30", "p30\p30.csproj", "{70631198-FB09-4CE8-B1EB-952DD801D0A9}"
EndProject
Project("{FAE04EC0-301F-11D3-BF4B-00C04F79EFBC}") = "p33foreach", "p33foreach\p33foreach.csproj", "{A147B5A3-3474-4B7F-AE53-98D9F7877257}"
EndProject
Project("{FAE04EC0-301F-11D3-BF4B-00C04F79EFBC}") = "exam101501", "exam101501\exam101501.csproj", "{D4E60A20-862B-4F81-957C-6AD4148D51E1}"
EndProject
Project("{FAE04EC0-301F-11D3-BF4B-00C04F79EFBC}") = "exam101502", "exam101502\exam101502.csproj", "{E40B6AA1-53B0-4956-8B13-1F7478667EEA}"
EndProject
Project("{FAE04EC0-301F-11D3-BF4B-00C04F79EFBC}") = "exam101503", "exam101503\exam101503.csproj", "{F5446066-7C81-4C38-8A92-DE8149F7494A}"
EndProject
Project("{FAE04EC0-301F-11D3-BF4B-00C04F79EFBC}") = "exam101504", "exam101504\exam101504.csproj", "{C637923F-1155-469B-AA54-DE11D55B72B2}"
EndProject
Global
	GlobalSection(SolutionConfigurationPlatforms) = preSolution
		Debug|Any CPU = Debug|Any CPU
		Release|Any CPU = Release|Any CPU
	EndGlobalSection
	GlobalSection(ProjectConfigurationPlatforms) = postSolution
		{654F6089-FBBE-4B66-8BD9-7D25024C893A}.Debug|Any CPU.ActiveCfg = Debug|Any CPU
		{654F6089-FBBE-4B66-8BD9-7D25024C893A}.Debug|Any CPU.Build.0 = Debug|Any CPU
		{654F6089-FBBE-4B66-8BD9-7D25024C893A}.Release|Any CPU.ActiveCfg = Release|Any CPU
		{654F6089-FBBE-4B66-8BD9-7D25024C893A}.Release|Any CPU.Build.0 = Release|Any CPU
		{2B2CDF14-D450-496C-814D-AFAA55750508}.Debug|Any CPU.ActiveCfg = Debug|Any CPU
		{2B2CDF14-D450-496C-814D-AFAA55750508}.Debug|Any CPU.Build.0 = Debug|Any CPU
		{2B2CDF14-D450-496C-814D-AFAA55750508}.Release|Any CPU.ActiveCfg = Release|Any CPU
		{2B2CDF14-D450-496C-814D-AFAA55750508}.Release|Any CPU.Build.0 = Release|Any CPU
		{86703C23-10A0-4553-85EE-522E067BB6BC}.Debug|Any CPU.ActiveCfg = Debug|Any CPU
		{86703C23-10A0-4553-85EE-522E067BB6BC}.Debug|Any CPU.Build.0 = Debug|Any CPU
		{86703C23-10A0-4553-85EE-522E067BB6BC}.Release|Any CPU.ActiveCfg = Release|Any CPU
		{86703C23-10A0-4553-85EE-522E067BB6BC}.Release|Any CPU.Build.0 = Release|Any CPU
		{CAC683FC-0897-4538-81A3-3F3E94621462}.Debug|Any CPU.ActiveCfg = Debug|Any CPU
		{CAC683FC-0897-4538-81A3-3F3E94621462}.Debug|Any CPU.Build.0 = Debug|Any CPU
		{CAC683FC-0897-4538-81A3-3F3E94621462}.Release|Any CPU.ActiveCfg = Release|Any CPU
		{CAC683FC-0897-4538-81A3-3F3E94621462}.Release|Any CPU.Build.0 = Release|Any CPU
		{434586A9-7AD8-4301-8099-0DAD7215D0CC}.Debug|Any CPU.ActiveCfg = Debug|Any CPU
		{434586A9-7AD8-4301-8099-0DAD7215D0CC}.Debug|Any CPU.Build.0 = Debug|Any CPU
		{434586A9-7AD8-4301-8099-0DAD7215D0CC}.Release|Any CPU.ActiveCfg = Release|Any CPU
		{434586A9-7AD8-4301-8099-0DAD7215D0CC}.Release|Any CPU.Build.0 = Release|Any CPU
		{659B7C67-ADAE-4375-BEEB-ED32B0720896}.Debug|Any CPU.ActiveCfg = Debug|Any CPU
		{659B7C67-ADAE-4375-BEEB-ED32B0720896}.Debug|Any CPU.Build.0 = Debug|Any CPU
		{659B7C67-ADAE-4375-BEEB-ED32B0720896}.Release|Any CPU.ActiveCfg = Release|Any CPU
		{659B7C67-ADAE-4375-BEEB-ED32B0720896}.Release|Any CPU.Build.0 = Release|Any CPU
		{AE21F815-9987-4302-87D0-930069CE4BF3}.Debug|Any CPU.ActiveCfg = Debug|Any CPU
		{AE21F815-9987-4302-87D0-930069CE4BF3}.Debug|Any CPU.Build.0 = Debug|Any CPU
		{AE21F815-9987-4302-87D0-930069CE4BF3}.Release|Any CPU.ActiveCfg = Release|Any CPU
		{AE21F815-9987-4302-87D0-930069CE4BF3}.Release|Any CPU.Build.0 = Release|Any CPU
		{E3A993A9-DC32-477F-9227-BB5262C235E3}.Debug|Any CPU.ActiveCfg = Debug|Any CPU
		{E3A993A9-DC32-477F-9227-BB5262C235E3}.Debug|Any CPU.Build.0 = Debug|Any CPU
		{E3A993A9-DC32-477F-9227-BB5262C235E3}.Release|Any CPU.ActiveCfg = Release|Any CPU
		{E3A993A9-DC32-477F-9227-BB5262C235E3}.Release|Any CPU.Build.0 = Release|Any CPU
		{4E0F7A96-0692-45BC-9384-CFC8A45E3C85}.Debug|Any CPU.ActiveCfg = Debug|Any CPU
		{4E0F7A96-0692-45BC-9384-CFC8A45E3C85}.Debug|Any CPU.Build.0 = Debug|Any CPU
		{4E0F7A96-0692-45BC-9384-CFC8A45E3C85}.Release|Any CPU.ActiveCfg = Release|Any CPU
		{4E0F7A96-0692-45BC-9384-CFC8A45E3C85}.Release|Any CPU.Build.0 = Release|Any CPU
		{F85CD07F-EE8D-4A4E-8FA2-397B436BFCEB}.Debug|Any CPU.ActiveCfg = Debug|Any CPU
		{F85CD07F-EE8D-4A4E-8FA2-397B436BFCEB}.Debug|Any CPU.Build.0 = Debug|Any CPU
		{F85CD07F-EE8D-4A4E-8FA2-397B436BFCEB}.Release|Any CPU.ActiveCfg = Release|Any CPU
		{F85CD07F-EE8D-4A4E-8FA2-397B436BFCEB}.Release|Any CPU.Build.0 = Release|Any CPU
		{00721367-B822-4CB7-9A35-3825365A42CF}.Debug|Any CPU.ActiveCfg = Debug|Any CPU
		{00721367-B822-4CB7-9A35-3825365A42CF}.Debug|Any CPU.Build.0 = Debug|Any CPU
		{00721367-B822-4CB7-9A35-3825365A42CF}.Release|Any CPU.ActiveCfg = Release|Any CPU
		{00721367-B822-4CB7-9A35-3825365A42CF}.Release|Any CPU.Build.0 = Release|Any CPU
		{70631198-FB09-4CE8-B1EB-952DD801D0A9}.Debug|Any CPU.ActiveCfg = Debug|Any CPU
		{70631198-FB09-4CE8-B1EB-952DD801D0A9}.Debug|Any CPU.Build.0 = Debug|Any CPU
		{70631198-FB09-4CE8-B1EB-952DD801D0A9}.Release|Any CPU.ActiveCfg = Release|Any CPU
		{70631198-FB09-4CE8-B1EB-952DD801D0A9}.Release|Any CPU.Build.0 = Release|Any CPU
		{A147B5A3-3474-4B7F-AE53-98D9F7877257}.Debug|Any CPU.ActiveCfg = Debug|Any CPU
		{A147B5A3-3474-4B7F-AE53-98D9F7877257}.Debug|Any CPU.Build.0 = Debug|Any CPU
		{A147B5A3-3474-4B7F-AE53-98D9F7877257}.Release|Any CPU.ActiveCfg = Release|Any CPU
		{A147B5A3-3474-4B7F-AE53-98D9F7877257}.Release|Any CPU.Build.0 = Release|Any CPU
		{D4E60A20-862B-4F81-957C-6AD4148D51E1}.Debug|Any CPU.ActiveCfg = Debug|Any CPU
		{D4E60A20-862B-4F81-957C-6AD4148D51E1}.Debug|Any CPU.Build.0 = Debug|Any CPU
		{D4E60A20-862B-4F81-957C-6AD4148D51E1}.Release|Any CPU.ActiveCfg = Release|Any CPU
		{D4E60A20-862B-4F81-957C-6AD4148D51E1}.Release|Any CPU.Build.0 = Release|Any CPU
		{E40B6AA1-53B0-4956-8B13-1F7478667EEA}.Debug|Any CPU.ActiveCfg = Debug|Any CPU
		{E40B6AA1-53B0-4956-8B13-1F7478667EEA}.Debug|Any CPU.Build.0 = Debug|Any CPU
		{E40B6AA1-53B0-4956-8B13-1F7478667EEA}.Release|Any CPU.ActiveCfg = Release|Any CPU
		{E40B6AA1-53B0-4956-8B13-1F7478667EEA}.Release|Any CPU.Build.0 = Release|Any CPU
		{F5446066-7C81-4C38-8A92-DE8149F7494A}.Debug|Any CPU.ActiveCfg = Debug|Any CPU
		{F5446066-7C81-4C38-8A92-DE8149F7494A}.Debug|Any CPU.Build.0 = Debug|Any CPU
		{F5446066-7C81-4C38-8A92-DE8149F7494A}.Release|Any CPU.ActiveCfg = Release|Any CPU
		{F5446066-7C81-4C38-8A92-DE8149F7494A}.Release|Any CPU.Build.0 = Release|Any CPU
		{C637923F-1155-469B-AA54-DE11D55B72B2}.Debug|Any CPU.ActiveCfg = Debug|Any CPU
		{C637923F-1155-469B-AA54-DE11D55B72B2}.Debug|Any CPU.Build.0 = Debug|Any CPU
		{C637923F-1155-469B-AA54-DE11D55B72B2}.Release|Any CPU.ActiveCfg = Release|Any CPU
		{C637923F-1155-469B-AA54-DE11D55B72B2}.Release|Any CPU.Build.0 = Release|Any CPU
	EndGlobalSection
	GlobalSection(SolutionProperties) = preSolution
		HideSolutionNode = FALSE
	EndGlobalSection
	GlobalSection(ExtensibilityGlobals) = postSolution
		SolutionGuid = {342BECC5-0E47-491B-8AC9-F6F75E39FFDA}
	EndGlobalSection
EndGlobal
