
Microsoft Visual Studio Solution File, Format Version 12.00
# Visual Studio 15
VisualStudioVersion = 15.0.27703.2042
MinimumVisualStudioVersion = 10.0.40219.1
Project("{FAE04EC0-301F-11D3-BF4B-00C04F79EFBC}") = "20181030", "20181030\20181030.csproj", "{E5515E45-1821-4019-BA28-5BE8947DDFFD}"
EndProject
Project("{FAE04EC0-301F-11D3-BF4B-00C04F79EFBC}") = "TreeView", "TreeView\TreeView.csproj", "{3D1F3E7E-7C6D-45C9-B882-CE69DBF834B8}"
EndProject
Project("{FAE04EC0-301F-11D3-BF4B-00C04F79EFBC}") = "ListBox", "ListBox\ListBox.csproj", "{55B1211E-045F-4212-B726-C9E2C2930144}"
EndProject
Project("{FAE04EC0-301F-11D3-BF4B-00C04F79EFBC}") = "ListView", "ListView\ListView.csproj", "{1A1B102F-1D91-4A91-9A0A-AAD8FADA8FFE}"
EndProject
Project("{FAE04EC0-301F-11D3-BF4B-00C04F79EFBC}") = "DataGrid1", "DataGrid1\DataGrid1.csproj", "{CD44E398-19A6-4558-AD93-9D105BA8F869}"
EndProject
Project("{FAE04EC0-301F-11D3-BF4B-00C04F79EFBC}") = "DataGrid2", "DataGrid2\DataGrid2.csproj", "{4DF83317-2D05-46F0-A2C6-6971F85C0052}"
EndProject
Project("{FAE04EC0-301F-11D3-BF4B-00C04F79EFBC}") = "MessageBoxTest", "MessageBoxTest\MessageBoxTest.csproj", "{CC683AEB-1017-48ED-8CD6-846D3BBF0C47}"
EndProject
Project("{FAE04EC0-301F-11D3-BF4B-00C04F79EFBC}") = "MessageBoxTest2", "MessageBoxTest2\MessageBoxTest2.csproj", "{FA1BF885-2A62-4219-BC96-CA20FB864603}"
EndProject
Project("{FAE04EC0-301F-11D3-BF4B-00C04F79EFBC}") = "CalculatorNew", "CalculatorNew\CalculatorNew.csproj", "{BD325F73-1F87-498A-8216-E76688F7B538}"
EndProject
Project("{FAE04EC0-301F-11D3-BF4B-00C04F79EFBC}") = "PasswordBox", "PasswordBox\PasswordBox.csproj", "{83DEE438-1D3F-482D-BA49-5B951DEB217C}"
EndProject
Project("{FAE04EC0-301F-11D3-BF4B-00C04F79EFBC}") = "TextBoxKeyInput", "TextBoxKeyInput\TextBoxKeyInput.csproj", "{6A24E4C3-6CE9-4693-A640-372593E19B25}"
EndProject
Project("{FAE04EC0-301F-11D3-BF4B-00C04F79EFBC}") = "Style", "Style\Style.csproj", "{2AC952B4-0700-4556-A7BF-7B8477AB96EF}"
EndProject
Project("{FAE04EC0-301F-11D3-BF4B-00C04F79EFBC}") = "Style2", "Style2\Style2.csproj", "{636E8884-3496-48B2-8EB9-FA7801262E12}"
EndProject
Project("{FAE04EC0-301F-11D3-BF4B-00C04F79EFBC}") = "Style3", "Style3\Style3.csproj", "{3C58876C-9F5B-4A8E-A1FF-AB4BE34F5A85}"
EndProject
Project("{FAE04EC0-301F-11D3-BF4B-00C04F79EFBC}") = "Style4", "Style4\Style4.csproj", "{034150CA-238A-4DAC-BA10-55567CFBCB7B}"
EndProject
Project("{FAE04EC0-301F-11D3-BF4B-00C04F79EFBC}") = "Style5", "Style5\Style5.csproj", "{193C9885-1A5C-4148-8B2C-A76FD86FA456}"
EndProject
Project("{FAE04EC0-301F-11D3-BF4B-00C04F79EFBC}") = "Style6", "Style6\Style6.csproj", "{E75DCF45-A1A4-4467-A8A2-A6A45FCEA612}"
EndProject
Project("{FAE04EC0-301F-11D3-BF4B-00C04F79EFBC}") = "Style7", "Style7\Style7.csproj", "{F02DF841-6C88-4AD8-BD41-2DDCF0DDC240}"
EndProject
Project("{FAE04EC0-301F-11D3-BF4B-00C04F79EFBC}") = "Style8", "Style8\Style8.csproj", "{59FD933B-487B-4CE9-8BCF-6EEE3E95ADE0}"
EndProject
Project("{FAE04EC0-301F-11D3-BF4B-00C04F79EFBC}") = "Style9", "Style9\Style9.csproj", "{057B04B3-3CE7-4C4F-B84B-F7DCFDB1475B}"
EndProject
Project("{FAE04EC0-301F-11D3-BF4B-00C04F79EFBC}") = "PropertyTrigger", "PropertyTrigger\PropertyTrigger.csproj", "{4BC7C712-7C31-4E21-B9BB-906B0A8F8777}"
EndProject
Project("{FAE04EC0-301F-11D3-BF4B-00C04F79EFBC}") = "PropertyTrigger2", "PropertyTrigger2\PropertyTrigger2.csproj", "{B2384ADA-38CE-43B3-A6DC-E650A0322D0F}"
EndProject
Project("{FAE04EC0-301F-11D3-BF4B-00C04F79EFBC}") = "PropertyTrigger3", "PropertyTrigger3\PropertyTrigger3.csproj", "{693FBC87-DD9B-4CF4-BA75-B04E882C6BAA}"
EndProject
Project("{FAE04EC0-301F-11D3-BF4B-00C04F79EFBC}") = "DataTrigger", "DataTrigger\DataTrigger.csproj", "{51F2D833-54B6-4008-8303-D6B1D9DCD732}"
EndProject
Project("{FAE04EC0-301F-11D3-BF4B-00C04F79EFBC}") = "DataTrigger2", "DataTrigger2\DataTrigger2.csproj", "{87638C75-397E-4E89-BD0A-7FC7F434B007}"
EndProject
Project("{FAE04EC0-301F-11D3-BF4B-00C04F79EFBC}") = "DataTrigger3", "DataTrigger3\DataTrigger3.csproj", "{E97C8397-94A1-43D7-B1C3-EAF4E4924099}"
EndProject
Project("{FAE04EC0-301F-11D3-BF4B-00C04F79EFBC}") = "EventTrigger", "EventTrigger\EventTrigger.csproj", "{0C44A951-40DF-4C40-957C-79E9E199C7B1}"
EndProject
Project("{FAE04EC0-301F-11D3-BF4B-00C04F79EFBC}") = "EventTrigger2", "EventTrigger2\EventTrigger2.csproj", "{6E8CB45E-980C-416F-B098-E89E7A5CBD07}"
EndProject
Project("{FAE04EC0-301F-11D3-BF4B-00C04F79EFBC}") = "EventTrigger3", "EventTrigger3\EventTrigger3.csproj", "{5895584A-CEC0-4D60-AC5A-CF5A4D78037B}"
EndProject
Project("{FAE04EC0-301F-11D3-BF4B-00C04F79EFBC}") = "Resource", "Resource\Resource.csproj", "{CDDC4287-E31C-4BD4-91CB-847E1F6F2775}"
EndProject
Project("{FAE04EC0-301F-11D3-BF4B-00C04F79EFBC}") = "MvvmExam", "MvvmExam\MvvmExam.csproj", "{8C898717-A6D6-4E9C-85A1-A9373A755B33}"
EndProject
Global
	GlobalSection(SolutionConfigurationPlatforms) = preSolution
		Debug|Any CPU = Debug|Any CPU
		Release|Any CPU = Release|Any CPU
	EndGlobalSection
	GlobalSection(ProjectConfigurationPlatforms) = postSolution
		{E5515E45-1821-4019-BA28-5BE8947DDFFD}.Debug|Any CPU.ActiveCfg = Debug|Any CPU
		{E5515E45-1821-4019-BA28-5BE8947DDFFD}.Debug|Any CPU.Build.0 = Debug|Any CPU
		{E5515E45-1821-4019-BA28-5BE8947DDFFD}.Release|Any CPU.ActiveCfg = Release|Any CPU
		{E5515E45-1821-4019-BA28-5BE8947DDFFD}.Release|Any CPU.Build.0 = Release|Any CPU
		{3D1F3E7E-7C6D-45C9-B882-CE69DBF834B8}.Debug|Any CPU.ActiveCfg = Debug|Any CPU
		{3D1F3E7E-7C6D-45C9-B882-CE69DBF834B8}.Debug|Any CPU.Build.0 = Debug|Any CPU
		{3D1F3E7E-7C6D-45C9-B882-CE69DBF834B8}.Release|Any CPU.ActiveCfg = Release|Any CPU
		{3D1F3E7E-7C6D-45C9-B882-CE69DBF834B8}.Release|Any CPU.Build.0 = Release|Any CPU
		{55B1211E-045F-4212-B726-C9E2C2930144}.Debug|Any CPU.ActiveCfg = Debug|Any CPU
		{55B1211E-045F-4212-B726-C9E2C2930144}.Debug|Any CPU.Build.0 = Debug|Any CPU
		{55B1211E-045F-4212-B726-C9E2C2930144}.Release|Any CPU.ActiveCfg = Release|Any CPU
		{55B1211E-045F-4212-B726-C9E2C2930144}.Release|Any CPU.Build.0 = Release|Any CPU
		{1A1B102F-1D91-4A91-9A0A-AAD8FADA8FFE}.Debug|Any CPU.ActiveCfg = Debug|Any CPU
		{1A1B102F-1D91-4A91-9A0A-AAD8FADA8FFE}.Debug|Any CPU.Build.0 = Debug|Any CPU
		{1A1B102F-1D91-4A91-9A0A-AAD8FADA8FFE}.Release|Any CPU.ActiveCfg = Release|Any CPU
		{1A1B102F-1D91-4A91-9A0A-AAD8FADA8FFE}.Release|Any CPU.Build.0 = Release|Any CPU
		{CD44E398-19A6-4558-AD93-9D105BA8F869}.Debug|Any CPU.ActiveCfg = Debug|Any CPU
		{CD44E398-19A6-4558-AD93-9D105BA8F869}.Debug|Any CPU.Build.0 = Debug|Any CPU
		{CD44E398-19A6-4558-AD93-9D105BA8F869}.Release|Any CPU.ActiveCfg = Release|Any CPU
		{CD44E398-19A6-4558-AD93-9D105BA8F869}.Release|Any CPU.Build.0 = Release|Any CPU
		{4DF83317-2D05-46F0-A2C6-6971F85C0052}.Debug|Any CPU.ActiveCfg = Debug|Any CPU
		{4DF83317-2D05-46F0-A2C6-6971F85C0052}.Debug|Any CPU.Build.0 = Debug|Any CPU
		{4DF83317-2D05-46F0-A2C6-6971F85C0052}.Release|Any CPU.ActiveCfg = Release|Any CPU
		{4DF83317-2D05-46F0-A2C6-6971F85C0052}.Release|Any CPU.Build.0 = Release|Any CPU
		{CC683AEB-1017-48ED-8CD6-846D3BBF0C47}.Debug|Any CPU.ActiveCfg = Debug|Any CPU
		{CC683AEB-1017-48ED-8CD6-846D3BBF0C47}.Debug|Any CPU.Build.0 = Debug|Any CPU
		{CC683AEB-1017-48ED-8CD6-846D3BBF0C47}.Release|Any CPU.ActiveCfg = Release|Any CPU
		{CC683AEB-1017-48ED-8CD6-846D3BBF0C47}.Release|Any CPU.Build.0 = Release|Any CPU
		{FA1BF885-2A62-4219-BC96-CA20FB864603}.Debug|Any CPU.ActiveCfg = Debug|Any CPU
		{FA1BF885-2A62-4219-BC96-CA20FB864603}.Debug|Any CPU.Build.0 = Debug|Any CPU
		{FA1BF885-2A62-4219-BC96-CA20FB864603}.Release|Any CPU.ActiveCfg = Release|Any CPU
		{FA1BF885-2A62-4219-BC96-CA20FB864603}.Release|Any CPU.Build.0 = Release|Any CPU
		{BD325F73-1F87-498A-8216-E76688F7B538}.Debug|Any CPU.ActiveCfg = Debug|Any CPU
		{BD325F73-1F87-498A-8216-E76688F7B538}.Debug|Any CPU.Build.0 = Debug|Any CPU
		{BD325F73-1F87-498A-8216-E76688F7B538}.Release|Any CPU.ActiveCfg = Release|Any CPU
		{BD325F73-1F87-498A-8216-E76688F7B538}.Release|Any CPU.Build.0 = Release|Any CPU
		{83DEE438-1D3F-482D-BA49-5B951DEB217C}.Debug|Any CPU.ActiveCfg = Debug|Any CPU
		{83DEE438-1D3F-482D-BA49-5B951DEB217C}.Debug|Any CPU.Build.0 = Debug|Any CPU
		{83DEE438-1D3F-482D-BA49-5B951DEB217C}.Release|Any CPU.ActiveCfg = Release|Any CPU
		{83DEE438-1D3F-482D-BA49-5B951DEB217C}.Release|Any CPU.Build.0 = Release|Any CPU
		{6A24E4C3-6CE9-4693-A640-372593E19B25}.Debug|Any CPU.ActiveCfg = Debug|Any CPU
		{6A24E4C3-6CE9-4693-A640-372593E19B25}.Debug|Any CPU.Build.0 = Debug|Any CPU
		{6A24E4C3-6CE9-4693-A640-372593E19B25}.Release|Any CPU.ActiveCfg = Release|Any CPU
		{6A24E4C3-6CE9-4693-A640-372593E19B25}.Release|Any CPU.Build.0 = Release|Any CPU
		{2AC952B4-0700-4556-A7BF-7B8477AB96EF}.Debug|Any CPU.ActiveCfg = Debug|Any CPU
		{2AC952B4-0700-4556-A7BF-7B8477AB96EF}.Debug|Any CPU.Build.0 = Debug|Any CPU
		{2AC952B4-0700-4556-A7BF-7B8477AB96EF}.Release|Any CPU.ActiveCfg = Release|Any CPU
		{2AC952B4-0700-4556-A7BF-7B8477AB96EF}.Release|Any CPU.Build.0 = Release|Any CPU
		{636E8884-3496-48B2-8EB9-FA7801262E12}.Debug|Any CPU.ActiveCfg = Debug|Any CPU
		{636E8884-3496-48B2-8EB9-FA7801262E12}.Debug|Any CPU.Build.0 = Debug|Any CPU
		{636E8884-3496-48B2-8EB9-FA7801262E12}.Release|Any CPU.ActiveCfg = Release|Any CPU
		{636E8884-3496-48B2-8EB9-FA7801262E12}.Release|Any CPU.Build.0 = Release|Any CPU
		{3C58876C-9F5B-4A8E-A1FF-AB4BE34F5A85}.Debug|Any CPU.ActiveCfg = Debug|Any CPU
		{3C58876C-9F5B-4A8E-A1FF-AB4BE34F5A85}.Debug|Any CPU.Build.0 = Debug|Any CPU
		{3C58876C-9F5B-4A8E-A1FF-AB4BE34F5A85}.Release|Any CPU.ActiveCfg = Release|Any CPU
		{3C58876C-9F5B-4A8E-A1FF-AB4BE34F5A85}.Release|Any CPU.Build.0 = Release|Any CPU
		{034150CA-238A-4DAC-BA10-55567CFBCB7B}.Debug|Any CPU.ActiveCfg = Debug|Any CPU
		{034150CA-238A-4DAC-BA10-55567CFBCB7B}.Debug|Any CPU.Build.0 = Debug|Any CPU
		{034150CA-238A-4DAC-BA10-55567CFBCB7B}.Release|Any CPU.ActiveCfg = Release|Any CPU
		{034150CA-238A-4DAC-BA10-55567CFBCB7B}.Release|Any CPU.Build.0 = Release|Any CPU
		{193C9885-1A5C-4148-8B2C-A76FD86FA456}.Debug|Any CPU.ActiveCfg = Debug|Any CPU
		{193C9885-1A5C-4148-8B2C-A76FD86FA456}.Debug|Any CPU.Build.0 = Debug|Any CPU
		{193C9885-1A5C-4148-8B2C-A76FD86FA456}.Release|Any CPU.ActiveCfg = Release|Any CPU
		{193C9885-1A5C-4148-8B2C-A76FD86FA456}.Release|Any CPU.Build.0 = Release|Any CPU
		{E75DCF45-A1A4-4467-A8A2-A6A45FCEA612}.Debug|Any CPU.ActiveCfg = Debug|Any CPU
		{E75DCF45-A1A4-4467-A8A2-A6A45FCEA612}.Debug|Any CPU.Build.0 = Debug|Any CPU
		{E75DCF45-A1A4-4467-A8A2-A6A45FCEA612}.Release|Any CPU.ActiveCfg = Release|Any CPU
		{E75DCF45-A1A4-4467-A8A2-A6A45FCEA612}.Release|Any CPU.Build.0 = Release|Any CPU
		{F02DF841-6C88-4AD8-BD41-2DDCF0DDC240}.Debug|Any CPU.ActiveCfg = Debug|Any CPU
		{F02DF841-6C88-4AD8-BD41-2DDCF0DDC240}.Debug|Any CPU.Build.0 = Debug|Any CPU
		{F02DF841-6C88-4AD8-BD41-2DDCF0DDC240}.Release|Any CPU.ActiveCfg = Release|Any CPU
		{F02DF841-6C88-4AD8-BD41-2DDCF0DDC240}.Release|Any CPU.Build.0 = Release|Any CPU
		{59FD933B-487B-4CE9-8BCF-6EEE3E95ADE0}.Debug|Any CPU.ActiveCfg = Debug|Any CPU
		{59FD933B-487B-4CE9-8BCF-6EEE3E95ADE0}.Debug|Any CPU.Build.0 = Debug|Any CPU
		{59FD933B-487B-4CE9-8BCF-6EEE3E95ADE0}.Release|Any CPU.ActiveCfg = Release|Any CPU
		{59FD933B-487B-4CE9-8BCF-6EEE3E95ADE0}.Release|Any CPU.Build.0 = Release|Any CPU
		{057B04B3-3CE7-4C4F-B84B-F7DCFDB1475B}.Debug|Any CPU.ActiveCfg = Debug|Any CPU
		{057B04B3-3CE7-4C4F-B84B-F7DCFDB1475B}.Debug|Any CPU.Build.0 = Debug|Any CPU
		{057B04B3-3CE7-4C4F-B84B-F7DCFDB1475B}.Release|Any CPU.ActiveCfg = Release|Any CPU
		{057B04B3-3CE7-4C4F-B84B-F7DCFDB1475B}.Release|Any CPU.Build.0 = Release|Any CPU
		{4BC7C712-7C31-4E21-B9BB-906B0A8F8777}.Debug|Any CPU.ActiveCfg = Debug|Any CPU
		{4BC7C712-7C31-4E21-B9BB-906B0A8F8777}.Debug|Any CPU.Build.0 = Debug|Any CPU
		{4BC7C712-7C31-4E21-B9BB-906B0A8F8777}.Release|Any CPU.ActiveCfg = Release|Any CPU
		{4BC7C712-7C31-4E21-B9BB-906B0A8F8777}.Release|Any CPU.Build.0 = Release|Any CPU
		{B2384ADA-38CE-43B3-A6DC-E650A0322D0F}.Debug|Any CPU.ActiveCfg = Debug|Any CPU
		{B2384ADA-38CE-43B3-A6DC-E650A0322D0F}.Debug|Any CPU.Build.0 = Debug|Any CPU
		{B2384ADA-38CE-43B3-A6DC-E650A0322D0F}.Release|Any CPU.ActiveCfg = Release|Any CPU
		{B2384ADA-38CE-43B3-A6DC-E650A0322D0F}.Release|Any CPU.Build.0 = Release|Any CPU
		{693FBC87-DD9B-4CF4-BA75-B04E882C6BAA}.Debug|Any CPU.ActiveCfg = Debug|Any CPU
		{693FBC87-DD9B-4CF4-BA75-B04E882C6BAA}.Debug|Any CPU.Build.0 = Debug|Any CPU
		{693FBC87-DD9B-4CF4-BA75-B04E882C6BAA}.Release|Any CPU.ActiveCfg = Release|Any CPU
		{693FBC87-DD9B-4CF4-BA75-B04E882C6BAA}.Release|Any CPU.Build.0 = Release|Any CPU
		{51F2D833-54B6-4008-8303-D6B1D9DCD732}.Debug|Any CPU.ActiveCfg = Debug|Any CPU
		{51F2D833-54B6-4008-8303-D6B1D9DCD732}.Debug|Any CPU.Build.0 = Debug|Any CPU
		{51F2D833-54B6-4008-8303-D6B1D9DCD732}.Release|Any CPU.ActiveCfg = Release|Any CPU
		{51F2D833-54B6-4008-8303-D6B1D9DCD732}.Release|Any CPU.Build.0 = Release|Any CPU
		{87638C75-397E-4E89-BD0A-7FC7F434B007}.Debug|Any CPU.ActiveCfg = Debug|Any CPU
		{87638C75-397E-4E89-BD0A-7FC7F434B007}.Debug|Any CPU.Build.0 = Debug|Any CPU
		{87638C75-397E-4E89-BD0A-7FC7F434B007}.Release|Any CPU.ActiveCfg = Release|Any CPU
		{87638C75-397E-4E89-BD0A-7FC7F434B007}.Release|Any CPU.Build.0 = Release|Any CPU
		{E97C8397-94A1-43D7-B1C3-EAF4E4924099}.Debug|Any CPU.ActiveCfg = Debug|Any CPU
		{E97C8397-94A1-43D7-B1C3-EAF4E4924099}.Debug|Any CPU.Build.0 = Debug|Any CPU
		{E97C8397-94A1-43D7-B1C3-EAF4E4924099}.Release|Any CPU.ActiveCfg = Release|Any CPU
		{E97C8397-94A1-43D7-B1C3-EAF4E4924099}.Release|Any CPU.Build.0 = Release|Any CPU
		{0C44A951-40DF-4C40-957C-79E9E199C7B1}.Debug|Any CPU.ActiveCfg = Debug|Any CPU
		{0C44A951-40DF-4C40-957C-79E9E199C7B1}.Debug|Any CPU.Build.0 = Debug|Any CPU
		{0C44A951-40DF-4C40-957C-79E9E199C7B1}.Release|Any CPU.ActiveCfg = Release|Any CPU
		{0C44A951-40DF-4C40-957C-79E9E199C7B1}.Release|Any CPU.Build.0 = Release|Any CPU
		{6E8CB45E-980C-416F-B098-E89E7A5CBD07}.Debug|Any CPU.ActiveCfg = Debug|Any CPU
		{6E8CB45E-980C-416F-B098-E89E7A5CBD07}.Debug|Any CPU.Build.0 = Debug|Any CPU
		{6E8CB45E-980C-416F-B098-E89E7A5CBD07}.Release|Any CPU.ActiveCfg = Release|Any CPU
		{6E8CB45E-980C-416F-B098-E89E7A5CBD07}.Release|Any CPU.Build.0 = Release|Any CPU
		{5895584A-CEC0-4D60-AC5A-CF5A4D78037B}.Debug|Any CPU.ActiveCfg = Debug|Any CPU
		{5895584A-CEC0-4D60-AC5A-CF5A4D78037B}.Debug|Any CPU.Build.0 = Debug|Any CPU
		{5895584A-CEC0-4D60-AC5A-CF5A4D78037B}.Release|Any CPU.ActiveCfg = Release|Any CPU
		{5895584A-CEC0-4D60-AC5A-CF5A4D78037B}.Release|Any CPU.Build.0 = Release|Any CPU
		{CDDC4287-E31C-4BD4-91CB-847E1F6F2775}.Debug|Any CPU.ActiveCfg = Debug|Any CPU
		{CDDC4287-E31C-4BD4-91CB-847E1F6F2775}.Debug|Any CPU.Build.0 = Debug|Any CPU
		{CDDC4287-E31C-4BD4-91CB-847E1F6F2775}.Release|Any CPU.ActiveCfg = Release|Any CPU
		{CDDC4287-E31C-4BD4-91CB-847E1F6F2775}.Release|Any CPU.Build.0 = Release|Any CPU
		{8C898717-A6D6-4E9C-85A1-A9373A755B33}.Debug|Any CPU.ActiveCfg = Debug|Any CPU
		{8C898717-A6D6-4E9C-85A1-A9373A755B33}.Debug|Any CPU.Build.0 = Debug|Any CPU
		{8C898717-A6D6-4E9C-85A1-A9373A755B33}.Release|Any CPU.ActiveCfg = Release|Any CPU
		{8C898717-A6D6-4E9C-85A1-A9373A755B33}.Release|Any CPU.Build.0 = Release|Any CPU
	EndGlobalSection
	GlobalSection(SolutionProperties) = preSolution
		HideSolutionNode = FALSE
	EndGlobalSection
	GlobalSection(ExtensibilityGlobals) = postSolution
		SolutionGuid = {BFD9FF04-A23B-4891-B24F-8D10010A35C7}
	EndGlobalSection
EndGlobal
