
Microsoft Visual Studio Solution File, Format Version 12.00
# Visual Studio 15
VisualStudioVersion = 15.0.27703.2042
MinimumVisualStudioVersion = 10.0.40219.1
Project("{FAE04EC0-301F-11D3-BF4B-00C04F79EFBC}") = "20181024", "20181024\20181024.csproj", "{08A14278-01A2-46D8-A1BE-CF384DE05F37}"
EndProject
Project("{FAE04EC0-301F-11D3-BF4B-00C04F79EFBC}") = "ChatServer", "ChatServer\ChatServer.csproj", "{6B3DA580-A607-4396-A3A9-D08ACB7599FD}"
EndProject
Project("{FAE04EC0-301F-11D3-BF4B-00C04F79EFBC}") = "ChatClient", "ChatClient\ChatClient.csproj", "{E7480540-2182-43D6-A583-AE534F925583}"
EndProject
Project("{FAE04EC0-301F-11D3-BF4B-00C04F79EFBC}") = "WpfApp2", "WpfApp2\WpfApp2.csproj", "{053A28E6-38CB-42D9-8566-FAEFC5ADCB9D}"
EndProject
Project("{FAE04EC0-301F-11D3-BF4B-00C04F79EFBC}") = "BackgroundWorkerTest", "BackgroundWorkerTest\BackgroundWorkerTest.csproj", "{5DDA693A-8876-4004-B401-411701F09A29}"
EndProject
Project("{FAE04EC0-301F-11D3-BF4B-00C04F79EFBC}") = "p43", "p43\p43.csproj", "{503381B9-A7D0-4652-B2AA-8BE949D71783}"
EndProject
Project("{FAE04EC0-301F-11D3-BF4B-00C04F79EFBC}") = "LoadXamlWindow", "LoadXamlWindow\LoadXamlWindow.csproj", "{C9999EBB-A962-4086-AE7A-E9D5D5FD358C}"
EndProject
Project("{FAE04EC0-301F-11D3-BF4B-00C04F79EFBC}") = "CompileXamlWindow", "CompileXamlWindow\CompileXamlWindow.csproj", "{D2393B28-DCF0-4509-8364-2CA5AF3ADBDB}"
EndProject
Project("{FAE04EC0-301F-11D3-BF4B-00C04F79EFBC}") = "SelectColorFromGrid", "SelectColorFromGrid\SelectColorFromGrid.csproj", "{CA784A4A-1D21-43CF-8E6A-19952CDCC00C}"
EndProject
Project("{FAE04EC0-301F-11D3-BF4B-00C04F79EFBC}") = "XamlCustomClass", "XamlCustomClass\XamlCustomClass.csproj", "{0E3B13E0-E8D9-4471-9D2E-FAE45B8CD983}"
EndProject
Project("{FAE04EC0-301F-11D3-BF4B-00C04F79EFBC}") = "DumpContentProperty", "DumpContentProperty\DumpContentProperty.csproj", "{E00E56C6-726E-4FA2-8E74-B46B12653F17}"
EndProject
Project("{FAE04EC0-301F-11D3-BF4B-00C04F79EFBC}") = "DockPanelTest", "DockPanelTest\DockPanelTest.csproj", "{A9674E88-7AB1-42AB-9E76-183F916748FF}"
EndProject
Project("{FAE04EC0-301F-11D3-BF4B-00C04F79EFBC}") = "GridTest", "GridTest\GridTest.csproj", "{42AABC8F-F051-44BD-8F36-2CBDA8C293CD}"
EndProject
Project("{FAE04EC0-301F-11D3-BF4B-00C04F79EFBC}") = "RoutedEventDemo", "RoutedEventDemo\RoutedEventDemo.csproj", "{E33938BD-EAAE-47B6-BD9C-EA84145F5066}"
EndProject
Global
	GlobalSection(SolutionConfigurationPlatforms) = preSolution
		Debug|Any CPU = Debug|Any CPU
		Release|Any CPU = Release|Any CPU
	EndGlobalSection
	GlobalSection(ProjectConfigurationPlatforms) = postSolution
		{08A14278-01A2-46D8-A1BE-CF384DE05F37}.Debug|Any CPU.ActiveCfg = Debug|Any CPU
		{08A14278-01A2-46D8-A1BE-CF384DE05F37}.Debug|Any CPU.Build.0 = Debug|Any CPU
		{08A14278-01A2-46D8-A1BE-CF384DE05F37}.Release|Any CPU.ActiveCfg = Release|Any CPU
		{08A14278-01A2-46D8-A1BE-CF384DE05F37}.Release|Any CPU.Build.0 = Release|Any CPU
		{6B3DA580-A607-4396-A3A9-D08ACB7599FD}.Debug|Any CPU.ActiveCfg = Debug|Any CPU
		{6B3DA580-A607-4396-A3A9-D08ACB7599FD}.Debug|Any CPU.Build.0 = Debug|Any CPU
		{6B3DA580-A607-4396-A3A9-D08ACB7599FD}.Release|Any CPU.ActiveCfg = Release|Any CPU
		{6B3DA580-A607-4396-A3A9-D08ACB7599FD}.Release|Any CPU.Build.0 = Release|Any CPU
		{E7480540-2182-43D6-A583-AE534F925583}.Debug|Any CPU.ActiveCfg = Debug|Any CPU
		{E7480540-2182-43D6-A583-AE534F925583}.Debug|Any CPU.Build.0 = Debug|Any CPU
		{E7480540-2182-43D6-A583-AE534F925583}.Release|Any CPU.ActiveCfg = Release|Any CPU
		{E7480540-2182-43D6-A583-AE534F925583}.Release|Any CPU.Build.0 = Release|Any CPU
		{053A28E6-38CB-42D9-8566-FAEFC5ADCB9D}.Debug|Any CPU.ActiveCfg = Debug|Any CPU
		{053A28E6-38CB-42D9-8566-FAEFC5ADCB9D}.Debug|Any CPU.Build.0 = Debug|Any CPU
		{053A28E6-38CB-42D9-8566-FAEFC5ADCB9D}.Release|Any CPU.ActiveCfg = Release|Any CPU
		{053A28E6-38CB-42D9-8566-FAEFC5ADCB9D}.Release|Any CPU.Build.0 = Release|Any CPU
		{5DDA693A-8876-4004-B401-411701F09A29}.Debug|Any CPU.ActiveCfg = Debug|Any CPU
		{5DDA693A-8876-4004-B401-411701F09A29}.Debug|Any CPU.Build.0 = Debug|Any CPU
		{5DDA693A-8876-4004-B401-411701F09A29}.Release|Any CPU.ActiveCfg = Release|Any CPU
		{5DDA693A-8876-4004-B401-411701F09A29}.Release|Any CPU.Build.0 = Release|Any CPU
		{503381B9-A7D0-4652-B2AA-8BE949D71783}.Debug|Any CPU.ActiveCfg = Debug|Any CPU
		{503381B9-A7D0-4652-B2AA-8BE949D71783}.Debug|Any CPU.Build.0 = Debug|Any CPU
		{503381B9-A7D0-4652-B2AA-8BE949D71783}.Release|Any CPU.ActiveCfg = Release|Any CPU
		{503381B9-A7D0-4652-B2AA-8BE949D71783}.Release|Any CPU.Build.0 = Release|Any CPU
		{C9999EBB-A962-4086-AE7A-E9D5D5FD358C}.Debug|Any CPU.ActiveCfg = Debug|Any CPU
		{C9999EBB-A962-4086-AE7A-E9D5D5FD358C}.Debug|Any CPU.Build.0 = Debug|Any CPU
		{C9999EBB-A962-4086-AE7A-E9D5D5FD358C}.Release|Any CPU.ActiveCfg = Release|Any CPU
		{C9999EBB-A962-4086-AE7A-E9D5D5FD358C}.Release|Any CPU.Build.0 = Release|Any CPU
		{D2393B28-DCF0-4509-8364-2CA5AF3ADBDB}.Debug|Any CPU.ActiveCfg = Debug|Any CPU
		{D2393B28-DCF0-4509-8364-2CA5AF3ADBDB}.Debug|Any CPU.Build.0 = Debug|Any CPU
		{D2393B28-DCF0-4509-8364-2CA5AF3ADBDB}.Release|Any CPU.ActiveCfg = Release|Any CPU
		{D2393B28-DCF0-4509-8364-2CA5AF3ADBDB}.Release|Any CPU.Build.0 = Release|Any CPU
		{CA784A4A-1D21-43CF-8E6A-19952CDCC00C}.Debug|Any CPU.ActiveCfg = Debug|Any CPU
		{CA784A4A-1D21-43CF-8E6A-19952CDCC00C}.Debug|Any CPU.Build.0 = Debug|Any CPU
		{CA784A4A-1D21-43CF-8E6A-19952CDCC00C}.Release|Any CPU.ActiveCfg = Release|Any CPU
		{CA784A4A-1D21-43CF-8E6A-19952CDCC00C}.Release|Any CPU.Build.0 = Release|Any CPU
		{0E3B13E0-E8D9-4471-9D2E-FAE45B8CD983}.Debug|Any CPU.ActiveCfg = Debug|Any CPU
		{0E3B13E0-E8D9-4471-9D2E-FAE45B8CD983}.Debug|Any CPU.Build.0 = Debug|Any CPU
		{0E3B13E0-E8D9-4471-9D2E-FAE45B8CD983}.Release|Any CPU.ActiveCfg = Release|Any CPU
		{0E3B13E0-E8D9-4471-9D2E-FAE45B8CD983}.Release|Any CPU.Build.0 = Release|Any CPU
		{E00E56C6-726E-4FA2-8E74-B46B12653F17}.Debug|Any CPU.ActiveCfg = Debug|Any CPU
		{E00E56C6-726E-4FA2-8E74-B46B12653F17}.Debug|Any CPU.Build.0 = Debug|Any CPU
		{E00E56C6-726E-4FA2-8E74-B46B12653F17}.Release|Any CPU.ActiveCfg = Release|Any CPU
		{E00E56C6-726E-4FA2-8E74-B46B12653F17}.Release|Any CPU.Build.0 = Release|Any CPU
		{A9674E88-7AB1-42AB-9E76-183F916748FF}.Debug|Any CPU.ActiveCfg = Debug|Any CPU
		{A9674E88-7AB1-42AB-9E76-183F916748FF}.Debug|Any CPU.Build.0 = Debug|Any CPU
		{A9674E88-7AB1-42AB-9E76-183F916748FF}.Release|Any CPU.ActiveCfg = Release|Any CPU
		{A9674E88-7AB1-42AB-9E76-183F916748FF}.Release|Any CPU.Build.0 = Release|Any CPU
		{42AABC8F-F051-44BD-8F36-2CBDA8C293CD}.Debug|Any CPU.ActiveCfg = Debug|Any CPU
		{42AABC8F-F051-44BD-8F36-2CBDA8C293CD}.Debug|Any CPU.Build.0 = Debug|Any CPU
		{42AABC8F-F051-44BD-8F36-2CBDA8C293CD}.Release|Any CPU.ActiveCfg = Release|Any CPU
		{42AABC8F-F051-44BD-8F36-2CBDA8C293CD}.Release|Any CPU.Build.0 = Release|Any CPU
		{E33938BD-EAAE-47B6-BD9C-EA84145F5066}.Debug|Any CPU.ActiveCfg = Debug|Any CPU
		{E33938BD-EAAE-47B6-BD9C-EA84145F5066}.Debug|Any CPU.Build.0 = Debug|Any CPU
		{E33938BD-EAAE-47B6-BD9C-EA84145F5066}.Release|Any CPU.ActiveCfg = Release|Any CPU
		{E33938BD-EAAE-47B6-BD9C-EA84145F5066}.Release|Any CPU.Build.0 = Release|Any CPU
	EndGlobalSection
	GlobalSection(SolutionProperties) = preSolution
		HideSolutionNode = FALSE
	EndGlobalSection
	GlobalSection(ExtensibilityGlobals) = postSolution
		SolutionGuid = {E82FB002-3B1D-4C5C-BE5B-BE5989F4C149}
	EndGlobalSection
EndGlobal
