
Microsoft Visual Studio Solution File, Format Version 12.00
# Visual Studio 15
VisualStudioVersion = 15.0.27703.2042
MinimumVisualStudioVersion = 10.0.40219.1
Project("{FAE04EC0-301F-11D3-BF4B-00C04F79EFBC}") = "20181022", "20181022\20181022.csproj", "{70440321-B5EC-4C0E-805F-132047709F7E}"
EndProject
Project("{FAE04EC0-301F-11D3-BF4B-00C04F79EFBC}") = "p220", "p220\p220.csproj", "{E4539E18-EA61-4DE4-9F84-B1BD8F021945}"
EndProject
Project("{FAE04EC0-301F-11D3-BF4B-00C04F79EFBC}") = "p223client", "p223client\p223client.csproj", "{9DF7F24E-08B3-42E4-9F87-5B455A958E93}"
EndProject
Project("{FAE04EC0-301F-11D3-BF4B-00C04F79EFBC}") = "p230client", "p230client\p230client.csproj", "{3DA39C16-5BAE-4602-BA50-052B061F6730}"
EndProject
Project("{FAE04EC0-301F-11D3-BF4B-00C04F79EFBC}") = "ConsoleApp1", "ConsoleApp1\ConsoleApp1.csproj", "{9284933C-CB99-4A29-B0F3-9F323F25BDE2}"
EndProject
Project("{FAE04EC0-301F-11D3-BF4B-00C04F79EFBC}") = "mail", "mail\mail.csproj", "{B36FD8D1-313E-4554-AD45-045B1C0D9222}"
EndProject
Project("{FAE04EC0-301F-11D3-BF4B-00C04F79EFBC}") = "p250", "p250\p250.csproj", "{43069731-3DF6-4F72-AA9F-CFA938917869}"
EndProject
Project("{FAE04EC0-301F-11D3-BF4B-00C04F79EFBC}") = "p251", "p251\p251.csproj", "{99059372-A164-47DD-8B52-2545C4AE9F84}"
EndProject
Project("{FAE04EC0-301F-11D3-BF4B-00C04F79EFBC}") = "p252", "p252\p252.csproj", "{0A43AEF0-F510-483C-82BA-E1BE91AC2B9E}"
EndProject
Project("{FAE04EC0-301F-11D3-BF4B-00C04F79EFBC}") = "p255", "p255\p255.csproj", "{AE7B5BA9-ADE7-4491-BE18-3D24DBB82AAE}"
EndProject
Project("{FAE04EC0-301F-11D3-BF4B-00C04F79EFBC}") = "p256", "p256\p256.csproj", "{70F9701F-9924-4576-B1E2-777193FAA036}"
EndProject
Project("{FAE04EC0-301F-11D3-BF4B-00C04F79EFBC}") = "p258", "p258\p258.csproj", "{BB766A8B-8F73-4033-86E5-4DF5A49D5B65}"
EndProject
Project("{FAE04EC0-301F-11D3-BF4B-00C04F79EFBC}") = "p260", "p260\p260.csproj", "{27107094-448D-40DF-A0EA-0C5FDFAB93D9}"
EndProject
Project("{FAE04EC0-301F-11D3-BF4B-00C04F79EFBC}") = "WindowsFormsApp2", "WindowsFormsApp2\WindowsFormsApp2.csproj", "{CFE2034C-3130-478F-A967-E16DB3A02F04}"
EndProject
Global
	GlobalSection(SolutionConfigurationPlatforms) = preSolution
		Debug|Any CPU = Debug|Any CPU
		Release|Any CPU = Release|Any CPU
	EndGlobalSection
	GlobalSection(ProjectConfigurationPlatforms) = postSolution
		{70440321-B5EC-4C0E-805F-132047709F7E}.Debug|Any CPU.ActiveCfg = Debug|Any CPU
		{70440321-B5EC-4C0E-805F-132047709F7E}.Debug|Any CPU.Build.0 = Debug|Any CPU
		{70440321-B5EC-4C0E-805F-132047709F7E}.Release|Any CPU.ActiveCfg = Release|Any CPU
		{70440321-B5EC-4C0E-805F-132047709F7E}.Release|Any CPU.Build.0 = Release|Any CPU
		{E4539E18-EA61-4DE4-9F84-B1BD8F021945}.Debug|Any CPU.ActiveCfg = Debug|Any CPU
		{E4539E18-EA61-4DE4-9F84-B1BD8F021945}.Debug|Any CPU.Build.0 = Debug|Any CPU
		{E4539E18-EA61-4DE4-9F84-B1BD8F021945}.Release|Any CPU.ActiveCfg = Release|Any CPU
		{E4539E18-EA61-4DE4-9F84-B1BD8F021945}.Release|Any CPU.Build.0 = Release|Any CPU
		{9DF7F24E-08B3-42E4-9F87-5B455A958E93}.Debug|Any CPU.ActiveCfg = Debug|Any CPU
		{9DF7F24E-08B3-42E4-9F87-5B455A958E93}.Debug|Any CPU.Build.0 = Debug|Any CPU
		{9DF7F24E-08B3-42E4-9F87-5B455A958E93}.Release|Any CPU.ActiveCfg = Release|Any CPU
		{9DF7F24E-08B3-42E4-9F87-5B455A958E93}.Release|Any CPU.Build.0 = Release|Any CPU
		{3DA39C16-5BAE-4602-BA50-052B061F6730}.Debug|Any CPU.ActiveCfg = Debug|Any CPU
		{3DA39C16-5BAE-4602-BA50-052B061F6730}.Debug|Any CPU.Build.0 = Debug|Any CPU
		{3DA39C16-5BAE-4602-BA50-052B061F6730}.Release|Any CPU.ActiveCfg = Release|Any CPU
		{3DA39C16-5BAE-4602-BA50-052B061F6730}.Release|Any CPU.Build.0 = Release|Any CPU
		{9284933C-CB99-4A29-B0F3-9F323F25BDE2}.Debug|Any CPU.ActiveCfg = Debug|Any CPU
		{9284933C-CB99-4A29-B0F3-9F323F25BDE2}.Debug|Any CPU.Build.0 = Debug|Any CPU
		{9284933C-CB99-4A29-B0F3-9F323F25BDE2}.Release|Any CPU.ActiveCfg = Release|Any CPU
		{9284933C-CB99-4A29-B0F3-9F323F25BDE2}.Release|Any CPU.Build.0 = Release|Any CPU
		{B36FD8D1-313E-4554-AD45-045B1C0D9222}.Debug|Any CPU.ActiveCfg = Debug|Any CPU
		{B36FD8D1-313E-4554-AD45-045B1C0D9222}.Debug|Any CPU.Build.0 = Debug|Any CPU
		{B36FD8D1-313E-4554-AD45-045B1C0D9222}.Release|Any CPU.ActiveCfg = Release|Any CPU
		{B36FD8D1-313E-4554-AD45-045B1C0D9222}.Release|Any CPU.Build.0 = Release|Any CPU
		{43069731-3DF6-4F72-AA9F-CFA938917869}.Debug|Any CPU.ActiveCfg = Debug|Any CPU
		{43069731-3DF6-4F72-AA9F-CFA938917869}.Debug|Any CPU.Build.0 = Debug|Any CPU
		{43069731-3DF6-4F72-AA9F-CFA938917869}.Release|Any CPU.ActiveCfg = Release|Any CPU
		{43069731-3DF6-4F72-AA9F-CFA938917869}.Release|Any CPU.Build.0 = Release|Any CPU
		{99059372-A164-47DD-8B52-2545C4AE9F84}.Debug|Any CPU.ActiveCfg = Debug|Any CPU
		{99059372-A164-47DD-8B52-2545C4AE9F84}.Debug|Any CPU.Build.0 = Debug|Any CPU
		{99059372-A164-47DD-8B52-2545C4AE9F84}.Release|Any CPU.ActiveCfg = Release|Any CPU
		{99059372-A164-47DD-8B52-2545C4AE9F84}.Release|Any CPU.Build.0 = Release|Any CPU
		{0A43AEF0-F510-483C-82BA-E1BE91AC2B9E}.Debug|Any CPU.ActiveCfg = Debug|Any CPU
		{0A43AEF0-F510-483C-82BA-E1BE91AC2B9E}.Debug|Any CPU.Build.0 = Debug|Any CPU
		{0A43AEF0-F510-483C-82BA-E1BE91AC2B9E}.Release|Any CPU.ActiveCfg = Release|Any CPU
		{0A43AEF0-F510-483C-82BA-E1BE91AC2B9E}.Release|Any CPU.Build.0 = Release|Any CPU
		{AE7B5BA9-ADE7-4491-BE18-3D24DBB82AAE}.Debug|Any CPU.ActiveCfg = Debug|Any CPU
		{AE7B5BA9-ADE7-4491-BE18-3D24DBB82AAE}.Debug|Any CPU.Build.0 = Debug|Any CPU
		{AE7B5BA9-ADE7-4491-BE18-3D24DBB82AAE}.Release|Any CPU.ActiveCfg = Release|Any CPU
		{AE7B5BA9-ADE7-4491-BE18-3D24DBB82AAE}.Release|Any CPU.Build.0 = Release|Any CPU
		{70F9701F-9924-4576-B1E2-777193FAA036}.Debug|Any CPU.ActiveCfg = Debug|Any CPU
		{70F9701F-9924-4576-B1E2-777193FAA036}.Debug|Any CPU.Build.0 = Debug|Any CPU
		{70F9701F-9924-4576-B1E2-777193FAA036}.Release|Any CPU.ActiveCfg = Release|Any CPU
		{70F9701F-9924-4576-B1E2-777193FAA036}.Release|Any CPU.Build.0 = Release|Any CPU
		{BB766A8B-8F73-4033-86E5-4DF5A49D5B65}.Debug|Any CPU.ActiveCfg = Debug|Any CPU
		{BB766A8B-8F73-4033-86E5-4DF5A49D5B65}.Debug|Any CPU.Build.0 = Debug|Any CPU
		{BB766A8B-8F73-4033-86E5-4DF5A49D5B65}.Release|Any CPU.ActiveCfg = Release|Any CPU
		{BB766A8B-8F73-4033-86E5-4DF5A49D5B65}.Release|Any CPU.Build.0 = Release|Any CPU
		{27107094-448D-40DF-A0EA-0C5FDFAB93D9}.Debug|Any CPU.ActiveCfg = Debug|Any CPU
		{27107094-448D-40DF-A0EA-0C5FDFAB93D9}.Debug|Any CPU.Build.0 = Debug|Any CPU
		{27107094-448D-40DF-A0EA-0C5FDFAB93D9}.Release|Any CPU.ActiveCfg = Release|Any CPU
		{27107094-448D-40DF-A0EA-0C5FDFAB93D9}.Release|Any CPU.Build.0 = Release|Any CPU
		{CFE2034C-3130-478F-A967-E16DB3A02F04}.Debug|Any CPU.ActiveCfg = Debug|Any CPU
		{CFE2034C-3130-478F-A967-E16DB3A02F04}.Debug|Any CPU.Build.0 = Debug|Any CPU
		{CFE2034C-3130-478F-A967-E16DB3A02F04}.Release|Any CPU.ActiveCfg = Release|Any CPU
		{CFE2034C-3130-478F-A967-E16DB3A02F04}.Release|Any CPU.Build.0 = Release|Any CPU
	EndGlobalSection
	GlobalSection(SolutionProperties) = preSolution
		HideSolutionNode = FALSE
	EndGlobalSection
	GlobalSection(ExtensibilityGlobals) = postSolution
		SolutionGuid = {896424BA-F99B-4AC4-90B9-422B408710D7}
	EndGlobalSection
EndGlobal
